
Microsoft Visual Studio Solution File, Format Version 12.00
# Visual Studio Version 17
VisualStudioVersion = 17.0.31903.59
MinimumVisualStudioVersion = 10.0.40219.1
Project("{2150E333-8FDC-42A3-9474-1A3956D46DE8}") = "src", "src", "{2F27ABDE-C32F-4BD5-93ED-4BE83BB25C20}"
EndProject
Project("{2150E333-8FDC-42A3-9474-1A3956D46DE8}") = "contas", "contas", "{CC12E43B-BA00-49F1-AC5F-624C709EE29C}"
EndProject
Project("{FAE04EC0-301F-11D3-BF4B-00C04F79EFBC}") = "educae.contas.app", "src\contas\educae.contas.app\educae.contas.app.csproj", "{37070465-00E9-4C6E-B579-4497CD47C9BD}"
EndProject
Project("{FAE04EC0-301F-11D3-BF4B-00C04F79EFBC}") = "educae.contas.domain", "src\contas\educae.contas.domain\educae.contas.domain.csproj", "{0A9EAA11-2D80-46EB-AB63-92F2D4FBDE1C}"
EndProject
Project("{FAE04EC0-301F-11D3-BF4B-00C04F79EFBC}") = "educae.contas.infra", "src\contas\educae.contas.infra\educae.contas.infra.csproj", "{8D92D203-29B4-49F1-ADA1-8F53916ED7EA}"
EndProject
Project("{2150E333-8FDC-42A3-9474-1A3956D46DE8}") = "biblioteca", "biblioteca", "{4312641C-0E9C-41E4-9E13-CF84E6B87FE4}"
EndProject
Project("{FAE04EC0-301F-11D3-BF4B-00C04F79EFBC}") = "educae.biblioteca.app", "src\biblioteca\educae.biblioteca.app\educae.biblioteca.app.csproj", "{28A5C16C-7F33-467A-A68D-8262B8233343}"
EndProject
Project("{FAE04EC0-301F-11D3-BF4B-00C04F79EFBC}") = "educae.biblioteca.domain", "src\biblioteca\educae.biblioteca.domain\educae.biblioteca.domain.csproj", "{99E94CD6-606A-49A9-B1A9-DD1C7DD62551}"
EndProject
Project("{FAE04EC0-301F-11D3-BF4B-00C04F79EFBC}") = "educae.biblioteca.infra", "src\biblioteca\educae.biblioteca.infra\educae.biblioteca.infra.csproj", "{4D607857-3B9E-46AE-9965-AFEAA1450012}"
EndProject
Project("{2150E333-8FDC-42A3-9474-1A3956D46DE8}") = "comunicacao", "comunicacao", "{82A8E88E-BFBC-4940-B1E1-8F7A8271E60C}"
EndProject
Project("{FAE04EC0-301F-11D3-BF4B-00C04F79EFBC}") = "educae.comunicacao.app", "src\comunicacao\educae.comunicacao.app\educae.comunicacao.app.csproj", "{E3FF3138-D450-452B-8C63-97828D759585}"
EndProject
Project("{FAE04EC0-301F-11D3-BF4B-00C04F79EFBC}") = "educae.comunicacao.domain", "src\comunicacao\educae.comunicacao.domain\educae.comunicacao.domain.csproj", "{628B59C1-1132-42D2-84E8-B259149E9CEC}"
EndProject
Project("{FAE04EC0-301F-11D3-BF4B-00C04F79EFBC}") = "educae.comunicacao.infra", "src\comunicacao\educae.comunicacao.infra\educae.comunicacao.infra.csproj", "{E8C89D8F-C674-4335-9C70-48A5435634FF}"
EndProject
Project("{FAE04EC0-301F-11D3-BF4B-00C04F79EFBC}") = "webapi", "src\webapi\webapi.csproj", "{C55570F0-6201-4B16-8174-DCC39EB5F957}"
EndProject
Global
	GlobalSection(SolutionConfigurationPlatforms) = preSolution
		Debug|Any CPU = Debug|Any CPU
		Release|Any CPU = Release|Any CPU
	EndGlobalSection
	GlobalSection(SolutionProperties) = preSolution
		HideSolutionNode = FALSE
	EndGlobalSection
	GlobalSection(ProjectConfigurationPlatforms) = postSolution
		{37070465-00E9-4C6E-B579-4497CD47C9BD}.Debug|Any CPU.ActiveCfg = Debug|Any CPU
		{37070465-00E9-4C6E-B579-4497CD47C9BD}.Debug|Any CPU.Build.0 = Debug|Any CPU
		{37070465-00E9-4C6E-B579-4497CD47C9BD}.Release|Any CPU.ActiveCfg = Release|Any CPU
		{37070465-00E9-4C6E-B579-4497CD47C9BD}.Release|Any CPU.Build.0 = Release|Any CPU
		{0A9EAA11-2D80-46EB-AB63-92F2D4FBDE1C}.Debug|Any CPU.ActiveCfg = Debug|Any CPU
		{0A9EAA11-2D80-46EB-AB63-92F2D4FBDE1C}.Debug|Any CPU.Build.0 = Debug|Any CPU
		{0A9EAA11-2D80-46EB-AB63-92F2D4FBDE1C}.Release|Any CPU.ActiveCfg = Release|Any CPU
		{0A9EAA11-2D80-46EB-AB63-92F2D4FBDE1C}.Release|Any CPU.Build.0 = Release|Any CPU
		{8D92D203-29B4-49F1-ADA1-8F53916ED7EA}.Debug|Any CPU.ActiveCfg = Debug|Any CPU
		{8D92D203-29B4-49F1-ADA1-8F53916ED7EA}.Debug|Any CPU.Build.0 = Debug|Any CPU
		{8D92D203-29B4-49F1-ADA1-8F53916ED7EA}.Release|Any CPU.ActiveCfg = Release|Any CPU
		{8D92D203-29B4-49F1-ADA1-8F53916ED7EA}.Release|Any CPU.Build.0 = Release|Any CPU
		{28A5C16C-7F33-467A-A68D-8262B8233343}.Debug|Any CPU.ActiveCfg = Debug|Any CPU
		{28A5C16C-7F33-467A-A68D-8262B8233343}.Debug|Any CPU.Build.0 = Debug|Any CPU
		{28A5C16C-7F33-467A-A68D-8262B8233343}.Release|Any CPU.ActiveCfg = Release|Any CPU
		{28A5C16C-7F33-467A-A68D-8262B8233343}.Release|Any CPU.Build.0 = Release|Any CPU
		{99E94CD6-606A-49A9-B1A9-DD1C7DD62551}.Debug|Any CPU.ActiveCfg = Debug|Any CPU
		{99E94CD6-606A-49A9-B1A9-DD1C7DD62551}.Debug|Any CPU.Build.0 = Debug|Any CPU
		{99E94CD6-606A-49A9-B1A9-DD1C7DD62551}.Release|Any CPU.ActiveCfg = Release|Any CPU
		{99E94CD6-606A-49A9-B1A9-DD1C7DD62551}.Release|Any CPU.Build.0 = Release|Any CPU
		{4D607857-3B9E-46AE-9965-AFEAA1450012}.Debug|Any CPU.ActiveCfg = Debug|Any CPU
		{4D607857-3B9E-46AE-9965-AFEAA1450012}.Debug|Any CPU.Build.0 = Debug|Any CPU
		{4D607857-3B9E-46AE-9965-AFEAA1450012}.Release|Any CPU.ActiveCfg = Release|Any CPU
		{4D607857-3B9E-46AE-9965-AFEAA1450012}.Release|Any CPU.Build.0 = Release|Any CPU
		{E3FF3138-D450-452B-8C63-97828D759585}.Debug|Any CPU.ActiveCfg = Debug|Any CPU
		{E3FF3138-D450-452B-8C63-97828D759585}.Debug|Any CPU.Build.0 = Debug|Any CPU
		{E3FF3138-D450-452B-8C63-97828D759585}.Release|Any CPU.ActiveCfg = Release|Any CPU
		{E3FF3138-D450-452B-8C63-97828D759585}.Release|Any CPU.Build.0 = Release|Any CPU
		{628B59C1-1132-42D2-84E8-B259149E9CEC}.Debug|Any CPU.ActiveCfg = Debug|Any CPU
		{628B59C1-1132-42D2-84E8-B259149E9CEC}.Debug|Any CPU.Build.0 = Debug|Any CPU
		{628B59C1-1132-42D2-84E8-B259149E9CEC}.Release|Any CPU.ActiveCfg = Release|Any CPU
		{628B59C1-1132-42D2-84E8-B259149E9CEC}.Release|Any CPU.Build.0 = Release|Any CPU
		{E8C89D8F-C674-4335-9C70-48A5435634FF}.Debug|Any CPU.ActiveCfg = Debug|Any CPU
		{E8C89D8F-C674-4335-9C70-48A5435634FF}.Debug|Any CPU.Build.0 = Debug|Any CPU
		{E8C89D8F-C674-4335-9C70-48A5435634FF}.Release|Any CPU.ActiveCfg = Release|Any CPU
		{E8C89D8F-C674-4335-9C70-48A5435634FF}.Release|Any CPU.Build.0 = Release|Any CPU
		{C55570F0-6201-4B16-8174-DCC39EB5F957}.Debug|Any CPU.ActiveCfg = Debug|Any CPU
		{C55570F0-6201-4B16-8174-DCC39EB5F957}.Debug|Any CPU.Build.0 = Debug|Any CPU
		{C55570F0-6201-4B16-8174-DCC39EB5F957}.Release|Any CPU.ActiveCfg = Release|Any CPU
		{C55570F0-6201-4B16-8174-DCC39EB5F957}.Release|Any CPU.Build.0 = Release|Any CPU
	EndGlobalSection
	GlobalSection(NestedProjects) = preSolution
		{CC12E43B-BA00-49F1-AC5F-624C709EE29C} = {2F27ABDE-C32F-4BD5-93ED-4BE83BB25C20}
		{37070465-00E9-4C6E-B579-4497CD47C9BD} = {CC12E43B-BA00-49F1-AC5F-624C709EE29C}
		{0A9EAA11-2D80-46EB-AB63-92F2D4FBDE1C} = {CC12E43B-BA00-49F1-AC5F-624C709EE29C}
		{8D92D203-29B4-49F1-ADA1-8F53916ED7EA} = {CC12E43B-BA00-49F1-AC5F-624C709EE29C}
		{4312641C-0E9C-41E4-9E13-CF84E6B87FE4} = {2F27ABDE-C32F-4BD5-93ED-4BE83BB25C20}
		{28A5C16C-7F33-467A-A68D-8262B8233343} = {4312641C-0E9C-41E4-9E13-CF84E6B87FE4}
		{99E94CD6-606A-49A9-B1A9-DD1C7DD62551} = {4312641C-0E9C-41E4-9E13-CF84E6B87FE4}
		{4D607857-3B9E-46AE-9965-AFEAA1450012} = {4312641C-0E9C-41E4-9E13-CF84E6B87FE4}
		{82A8E88E-BFBC-4940-B1E1-8F7A8271E60C} = {2F27ABDE-C32F-4BD5-93ED-4BE83BB25C20}
		{E3FF3138-D450-452B-8C63-97828D759585} = {82A8E88E-BFBC-4940-B1E1-8F7A8271E60C}
		{628B59C1-1132-42D2-84E8-B259149E9CEC} = {82A8E88E-BFBC-4940-B1E1-8F7A8271E60C}
		{E8C89D8F-C674-4335-9C70-48A5435634FF} = {82A8E88E-BFBC-4940-B1E1-8F7A8271E60C}
		{C55570F0-6201-4B16-8174-DCC39EB5F957} = {2F27ABDE-C32F-4BD5-93ED-4BE83BB25C20}
	EndGlobalSection
EndGlobal
