
Microsoft Visual Studio Solution File, Format Version 12.00
# Visual Studio Version 17
VisualStudioVersion = 17.0.31903.59
MinimumVisualStudioVersion = 10.0.40219.1
Project("{2150E333-8FDC-42A3-9474-1A3956D46DE8}") = "src", "src", "{BCC43E38-118E-47D3-9623-5A6AADBB96E8}"
EndProject
Project("{2150E333-8FDC-42A3-9474-1A3956D46DE8}") = "contas", "contas", "{5F36459D-E68B-4305-A7C1-385D4423D419}"
EndProject
Project("{FAE04EC0-301F-11D3-BF4B-00C04F79EFBC}") = "educae.contas.app", "src\contas\educae.contas.app\educae.contas.app.csproj", "{69ADA57B-6F97-4D8C-AEBC-67F9CA4E0DD4}"
EndProject
Project("{FAE04EC0-301F-11D3-BF4B-00C04F79EFBC}") = "educae.contas.domain", "src\contas\educae.contas.domain\educae.contas.domain.csproj", "{3D2451E9-2E68-4507-B4AC-1FFA3286C52F}"
EndProject
Project("{FAE04EC0-301F-11D3-BF4B-00C04F79EFBC}") = "educae.contas.infra", "src\contas\educae.contas.infra\educae.contas.infra.csproj", "{4ABD2E32-86AE-4FB3-A6B5-9A5671FE124F}"
EndProject
Global
	GlobalSection(SolutionConfigurationPlatforms) = preSolution
		Debug|Any CPU = Debug|Any CPU
		Release|Any CPU = Release|Any CPU
	EndGlobalSection
	GlobalSection(ProjectConfigurationPlatforms) = postSolution
		{69ADA57B-6F97-4D8C-AEBC-67F9CA4E0DD4}.Debug|Any CPU.ActiveCfg = Debug|Any CPU
		{69ADA57B-6F97-4D8C-AEBC-67F9CA4E0DD4}.Debug|Any CPU.Build.0 = Debug|Any CPU
		{69ADA57B-6F97-4D8C-AEBC-67F9CA4E0DD4}.Release|Any CPU.ActiveCfg = Release|Any CPU
		{69ADA57B-6F97-4D8C-AEBC-67F9CA4E0DD4}.Release|Any CPU.Build.0 = Release|Any CPU
		{3D2451E9-2E68-4507-B4AC-1FFA3286C52F}.Debug|Any CPU.ActiveCfg = Debug|Any CPU
		{3D2451E9-2E68-4507-B4AC-1FFA3286C52F}.Debug|Any CPU.Build.0 = Debug|Any CPU
		{3D2451E9-2E68-4507-B4AC-1FFA3286C52F}.Release|Any CPU.ActiveCfg = Release|Any CPU
		{3D2451E9-2E68-4507-B4AC-1FFA3286C52F}.Release|Any CPU.Build.0 = Release|Any CPU
		{4ABD2E32-86AE-4FB3-A6B5-9A5671FE124F}.Debug|Any CPU.ActiveCfg = Debug|Any CPU
		{4ABD2E32-86AE-4FB3-A6B5-9A5671FE124F}.Debug|Any CPU.Build.0 = Debug|Any CPU
		{4ABD2E32-86AE-4FB3-A6B5-9A5671FE124F}.Release|Any CPU.ActiveCfg = Release|Any CPU
		{4ABD2E32-86AE-4FB3-A6B5-9A5671FE124F}.Release|Any CPU.Build.0 = Release|Any CPU
	EndGlobalSection
	GlobalSection(SolutionProperties) = preSolution
		HideSolutionNode = FALSE
	EndGlobalSection
	GlobalSection(NestedProjects) = preSolution
		{5F36459D-E68B-4305-A7C1-385D4423D419} = {BCC43E38-118E-47D3-9623-5A6AADBB96E8}
		{69ADA57B-6F97-4D8C-AEBC-67F9CA4E0DD4} = {5F36459D-E68B-4305-A7C1-385D4423D419}
		{3D2451E9-2E68-4507-B4AC-1FFA3286C52F} = {5F36459D-E68B-4305-A7C1-385D4423D419}
		{4ABD2E32-86AE-4FB3-A6B5-9A5671FE124F} = {5F36459D-E68B-4305-A7C1-385D4423D419}
	EndGlobalSection
EndGlobal
